{
  "name": "geethma-portfolio",
  "version": "1.0.0",
  "lockfileVersion": 3,
  "requires": true,
  "packages": {
    "": {
      "name": "geethma-portfolio",
      "version": "1.0.0",
      "license": "ISC",
      "scripts": {
        "start": "node index.js",
        "test": "echo \"Error: no test specified\" && exit 1"
      }
    }
  }
}
